# This file is automatically @generated by Cargo.
# It is not intended for manual editing.
version = 3

[[package]]
name = "dmoj"
version = "0.1.5"
source = "registry+https://github.com/rust-lang/crates.io-index"
checksum = "a1f8a155771d562ab98db35ed9b4da482ef178eec293eeb1f6302036100e84f1"
dependencies = [
 "lazy_static",
 "libc",
]

[[package]]
name = "lazy_static"
version = "0.2.11"
source = "registry+https://github.com/rust-lang/crates.io-index"
checksum = "76f033c7ad61445c5b347c7382dd1237847eb1bce590fe50365dcb33d546be73"

[[package]]
name = "libc"
version = "0.2.99"
source = "registry+https://github.com/rust-lang/crates.io-index"
checksum = "a7f823d141fe0a24df1e23b4af4e3c7ba9e5966ec514ea068c93024aa7deb765"

[[package]]
name = "place"
version = "0.1.0"
dependencies = [
 "dmoj",
]
